// !$*UTF8*$!
{
	archiveVersion = 1;
	classes = {
	};
	objectVersion = 55;
	objects = {

/* Begin PBXBuildFile section */
		82BA2E8547C79669F595585B /* Pods_MVVM.framework in Frameworks */ = {isa = PBXBuildFile; fileRef = 40D2FF0EC7C1BD47FBE61991 /* Pods_MVVM.framework */; };
		FD25A0DF27847A2D00295DDC /* TodoViewModel.swift in Sources */ = {isa = PBXBuildFile; fileRef = FD25A0DE27847A2D00295DDC /* TodoViewModel.swift */; };
		FD25A0E127847A3900295DDC /* TodoViewController.swift in Sources */ = {isa = PBXBuildFile; fileRef = FD25A0E027847A3900295DDC /* TodoViewController.swift */; };
		FD25A0E327847A4700295DDC /* Todo.swift in Sources */ = {isa = PBXBuildFile; fileRef = FD25A0E227847A4700295DDC /* Todo.swift */; };
		FD25A0E827847A8C00295DDC /* Extension.swift in Sources */ = {isa = PBXBuildFile; fileRef = FD25A0E427847A8C00295DDC /* Extension.swift */; };
		FD25A0E927847A8C00295DDC /* Observable.swift in Sources */ = {isa = PBXBuildFile; fileRef = FD25A0E527847A8C00295DDC /* Observable.swift */; };
		FD25A0EA27847A8C00295DDC /* Constants.swift in Sources */ = {isa = PBXBuildFile; fileRef = FD25A0E627847A8C00295DDC /* Constants.swift */; };
		FD25A0EB27847A8C00295DDC /* LoremSwiftum.swift in Sources */ = {isa = PBXBuildFile; fileRef = FD25A0E727847A8C00295DDC /* LoremSwiftum.swift */; };
		FD25A0EF27847AAF00295DDC /* ApiRouter.swift in Sources */ = {isa = PBXBuildFile; fileRef = FD25A0ED27847AAF00295DDC /* ApiRouter.swift */; };
		FD25A0F027847AAF00295DDC /* NetworkClient.swift in Sources */ = {isa = PBXBuildFile; fileRef = FD25A0EE27847AAF00295DDC /* NetworkClient.swift */; };
		FD25A0F2278484A800295DDC /* TodoAddViewController.swift in Sources */ = {isa = PBXBuildFile; fileRef = FD25A0F1278484A800295DDC /* TodoAddViewController.swift */; };
		FD25A0F4278484B200295DDC /* TodoDeleteViewController.swift in Sources */ = {isa = PBXBuildFile; fileRef = FD25A0F3278484B200295DDC /* TodoDeleteViewController.swift */; };
		FD25A0F62784856900295DDC /* RootViewController.swift in Sources */ = {isa = PBXBuildFile; fileRef = FD25A0F52784856900295DDC /* RootViewController.swift */; };
		FD4D28952783409300B66129 /* AppDelegate.swift in Sources */ = {isa = PBXBuildFile; fileRef = FD4D28942783409300B66129 /* AppDelegate.swift */; };
		FD4D28972783409300B66129 /* SceneDelegate.swift in Sources */ = {isa = PBXBuildFile; fileRef = FD4D28962783409300B66129 /* SceneDelegate.swift */; };
		FD4D289E2783409400B66129 /* Assets.xcassets in Resources */ = {isa = PBXBuildFile; fileRef = FD4D289D2783409400B66129 /* Assets.xcassets */; };
		FD4D28A12783409400B66129 /* LaunchScreen.storyboard in Resources */ = {isa = PBXBuildFile; fileRef = FD4D289F2783409400B66129 /* LaunchScreen.storyboard */; };
		FD5397E12789004900BEEDC1 /* TableViewAdvancedViewController.swift in Sources */ = {isa = PBXBuildFile; fileRef = FD5397E02789004900BEEDC1 /* TableViewAdvancedViewController.swift */; };
		FDAF16F02789DA7200239E2A /* TableViewAdvancedTableViewCell.swift in Sources */ = {isa = PBXBuildFile; fileRef = FDAF16EF2789DA7200239E2A /* TableViewAdvancedTableViewCell.swift */; };
/* End PBXBuildFile section */

/* Begin PBXFileReference section */
		40D2FF0EC7C1BD47FBE61991 /* Pods_MVVM.framework */ = {isa = PBXFileReference; explicitFileType = wrapper.framework; includeInIndex = 0; path = Pods_MVVM.framework; sourceTree = BUILT_PRODUCTS_DIR; };
		BE77E95D394EDB0438023805 /* Pods-MVVM.debug.xcconfig */ = {isa = PBXFileReference; includeInIndex = 1; lastKnownFileType = text.xcconfig; name = "Pods-MVVM.debug.xcconfig"; path = "Target Support Files/Pods-MVVM/Pods-MVVM.debug.xcconfig"; sourceTree = "<group>"; };
		FD25A0DE27847A2D00295DDC /* TodoViewModel.swift */ = {isa = PBXFileReference; lastKnownFileType = sourcecode.swift; path = TodoViewModel.swift; sourceTree = "<group>"; };
		FD25A0E027847A3900295DDC /* TodoViewController.swift */ = {isa = PBXFileReference; lastKnownFileType = sourcecode.swift; path = TodoViewController.swift; sourceTree = "<group>"; };
		FD25A0E227847A4700295DDC /* Todo.swift */ = {isa = PBXFileReference; lastKnownFileType = sourcecode.swift; path = Todo.swift; sourceTree = "<group>"; };
		FD25A0E427847A8C00295DDC /* Extension.swift */ = {isa = PBXFileReference; fileEncoding = 4; lastKnownFileType = sourcecode.swift; path = Extension.swift; sourceTree = "<group>"; };
		FD25A0E527847A8C00295DDC /* Observable.swift */ = {isa = PBXFileReference; fileEncoding = 4; lastKnownFileType = sourcecode.swift; path = Observable.swift; sourceTree = "<group>"; };
		FD25A0E627847A8C00295DDC /* Constants.swift */ = {isa = PBXFileReference; fileEncoding = 4; lastKnownFileType = sourcecode.swift; path = Constants.swift; sourceTree = "<group>"; };
		FD25A0E727847A8C00295DDC /* LoremSwiftum.swift */ = {isa = PBXFileReference; fileEncoding = 4; lastKnownFileType = sourcecode.swift; path = LoremSwiftum.swift; sourceTree = "<group>"; };
		FD25A0ED27847AAF00295DDC /* ApiRouter.swift */ = {isa = PBXFileReference; fileEncoding = 4; lastKnownFileType = sourcecode.swift; path = ApiRouter.swift; sourceTree = "<group>"; };
		FD25A0EE27847AAF00295DDC /* NetworkClient.swift */ = {isa = PBXFileReference; fileEncoding = 4; lastKnownFileType = sourcecode.swift; path = NetworkClient.swift; sourceTree = "<group>"; };
		FD25A0F1278484A800295DDC /* TodoAddViewController.swift */ = {isa = PBXFileReference; lastKnownFileType = sourcecode.swift; path = TodoAddViewController.swift; sourceTree = "<group>"; };
		FD25A0F3278484B200295DDC /* TodoDeleteViewController.swift */ = {isa = PBXFileReference; lastKnownFileType = sourcecode.swift; path = TodoDeleteViewController.swift; sourceTree = "<group>"; };
		FD25A0F52784856900295DDC /* RootViewController.swift */ = {isa = PBXFileReference; lastKnownFileType = sourcecode.swift; path = RootViewController.swift; sourceTree = "<group>"; };
		FD4D28912783409300B66129 /* MVVM.app */ = {isa = PBXFileReference; explicitFileType = wrapper.application; includeInIndex = 0; path = MVVM.app; sourceTree = BUILT_PRODUCTS_DIR; };
		FD4D28942783409300B66129 /* AppDelegate.swift */ = {isa = PBXFileReference; lastKnownFileType = sourcecode.swift; path = AppDelegate.swift; sourceTree = "<group>"; };
		FD4D28962783409300B66129 /* SceneDelegate.swift */ = {isa = PBXFileReference; lastKnownFileType = sourcecode.swift; path = SceneDelegate.swift; sourceTree = "<group>"; };
		FD4D289D2783409400B66129 /* Assets.xcassets */ = {isa = PBXFileReference; lastKnownFileType = folder.assetcatalog; path = Assets.xcassets; sourceTree = "<group>"; };
		FD4D28A02783409400B66129 /* Base */ = {isa = PBXFileReference; lastKnownFileType = file.storyboard; name = Base; path = Base.lproj/LaunchScreen.storyboard; sourceTree = "<group>"; };
		FD4D28A22783409400B66129 /* Info.plist */ = {isa = PBXFileReference; lastKnownFileType = text.plist.xml; path = Info.plist; sourceTree = "<group>"; };
		FD5397E02789004900BEEDC1 /* TableViewAdvancedViewController.swift */ = {isa = PBXFileReference; lastKnownFileType = sourcecode.swift; path = TableViewAdvancedViewController.swift; sourceTree = "<group>"; };
		FD85A681966DB17F0E3FB5D4 /* Pods-MVVM.release.xcconfig */ = {isa = PBXFileReference; includeInIndex = 1; lastKnownFileType = text.xcconfig; name = "Pods-MVVM.release.xcconfig"; path = "Target Support Files/Pods-MVVM/Pods-MVVM.release.xcconfig"; sourceTree = "<group>"; };
		FDAF16EF2789DA7200239E2A /* TableViewAdvancedTableViewCell.swift */ = {isa = PBXFileReference; lastKnownFileType = sourcecode.swift; path = TableViewAdvancedTableViewCell.swift; sourceTree = "<group>"; };
/* End PBXFileReference section */

/* Begin PBXFrameworksBuildPhase section */
		FD4D288E2783409300B66129 /* Frameworks */ = {
			isa = PBXFrameworksBuildPhase;
			buildActionMask = 2147483647;
			files = (
				82BA2E8547C79669F595585B /* Pods_MVVM.framework in Frameworks */,
			);
			runOnlyForDeploymentPostprocessing = 0;
		};
/* End PBXFrameworksBuildPhase section */

/* Begin PBXGroup section */
		459112D8E2163A65FDA0488A /* Frameworks */ = {
			isa = PBXGroup;
			children = (
				40D2FF0EC7C1BD47FBE61991 /* Pods_MVVM.framework */,
			);
			name = Frameworks;
			sourceTree = "<group>";
		};
		7858D632D88E3506B65D4ECF /* Pods */ = {
			isa = PBXGroup;
			children = (
				BE77E95D394EDB0438023805 /* Pods-MVVM.debug.xcconfig */,
				FD85A681966DB17F0E3FB5D4 /* Pods-MVVM.release.xcconfig */,
			);
			path = Pods;
			sourceTree = "<group>";
		};
		FD25A0D92784792100295DDC /* Application */ = {
			isa = PBXGroup;
			children = (
				FD4D28942783409300B66129 /* AppDelegate.swift */,
				FD4D28962783409300B66129 /* SceneDelegate.swift */,
				FD4D289D2783409400B66129 /* Assets.xcassets */,
				FD4D289F2783409400B66129 /* LaunchScreen.storyboard */,
			);
			path = Application;
			sourceTree = "<group>";
		};
		FD25A0DA2784795900295DDC /* ViewModel */ = {
			isa = PBXGroup;
			children = (
				FD25A0DE27847A2D00295DDC /* TodoViewModel.swift */,
			);
			path = ViewModel;
			sourceTree = "<group>";
		};
		FD25A0DB2784796200295DDC /* ViewController */ = {
			isa = PBXGroup;
			children = (
				FD25A0E027847A3900295DDC /* TodoViewController.swift */,
				FD5397E02789004900BEEDC1 /* TableViewAdvancedViewController.swift */,
				FD25A0F1278484A800295DDC /* TodoAddViewController.swift */,
				FD25A0F3278484B200295DDC /* TodoDeleteViewController.swift */,
				FD25A0F52784856900295DDC /* RootViewController.swift */,
			);
			path = ViewController;
			sourceTree = "<group>";
		};
		FD25A0DC2784796900295DDC /* Model */ = {
			isa = PBXGroup;
			children = (
				FD25A0E227847A4700295DDC /* Todo.swift */,
			);
			path = Model;
			sourceTree = "<group>";
		};
		FD25A0DD2784796D00295DDC /* Helper */ = {
			isa = PBXGroup;
			children = (
				FD25A0E627847A8C00295DDC /* Constants.swift */,
				FD25A0E427847A8C00295DDC /* Extension.swift */,
				FD25A0E727847A8C00295DDC /* LoremSwiftum.swift */,
				FD25A0E527847A8C00295DDC /* Observable.swift */,
			);
			path = Helper;
			sourceTree = "<group>";
		};
		FD25A0EC27847AA500295DDC /* Network */ = {
			isa = PBXGroup;
			children = (
				FD25A0ED27847AAF00295DDC /* ApiRouter.swift */,
				FD25A0EE27847AAF00295DDC /* NetworkClient.swift */,
			);
			path = Network;
			sourceTree = "<group>";
		};
		FD4D28882783409300B66129 = {
			isa = PBXGroup;
			children = (
				FD4D28932783409300B66129 /* MVVM */,
				FD4D28922783409300B66129 /* Products */,
				7858D632D88E3506B65D4ECF /* Pods */,
				459112D8E2163A65FDA0488A /* Frameworks */,
			);
			sourceTree = "<group>";
		};
		FD4D28922783409300B66129 /* Products */ = {
			isa = PBXGroup;
			children = (
				FD4D28912783409300B66129 /* MVVM.app */,
			);
			name = Products;
			sourceTree = "<group>";
		};
		FD4D28932783409300B66129 /* MVVM */ = {
			isa = PBXGroup;
			children = (
				FDAF16ED2789DA3B00239E2A /* Scene */,
				FD25A0EC27847AA500295DDC /* Network */,
				FD25A0DD2784796D00295DDC /* Helper */,
				FD25A0DC2784796900295DDC /* Model */,
				FD25A0DA2784795900295DDC /* ViewModel */,
				FD25A0D92784792100295DDC /* Application */,
				FD4D28A22783409400B66129 /* Info.plist */,
			);
			path = MVVM;
			sourceTree = "<group>";
		};
		FDAF16ED2789DA3B00239E2A /* Scene */ = {
			isa = PBXGroup;
			children = (
				FDAF16EE2789DA4A00239E2A /* UI */,
				FD25A0DB2784796200295DDC /* ViewController */,
			);
			path = Scene;
			sourceTree = "<group>";
		};
		FDAF16EE2789DA4A00239E2A /* UI */ = {
			isa = PBXGroup;
			children = (
				FDAF16EF2789DA7200239E2A /* TableViewAdvancedTableViewCell.swift */,
			);
			path = UI;
			sourceTree = "<group>";
		};
/* End PBXGroup section */

/* Begin PBXNativeTarget section */
		FD4D28902783409300B66129 /* MVVM */ = {
			isa = PBXNativeTarget;
			buildConfigurationList = FD4D28A52783409400B66129 /* Build configuration list for PBXNativeTarget "MVVM" */;
			buildPhases = (
				D4F541BB7B196B5F9A50FC05 /* [CP] Check Pods Manifest.lock */,
				FD4D288D2783409300B66129 /* Sources */,
				FD4D288E2783409300B66129 /* Frameworks */,
				FD4D288F2783409300B66129 /* Resources */,
				A689C92DA165049334E0F937 /* [CP] Embed Pods Frameworks */,
			);
			buildRules = (
			);
			dependencies = (
			);
			name = MVVM;
			productName = MVVM;
			productReference = FD4D28912783409300B66129 /* MVVM.app */;
			productType = "com.apple.product-type.application";
		};
/* End PBXNativeTarget section */

/* Begin PBXProject section */
		FD4D28892783409300B66129 /* Project object */ = {
			isa = PBXProject;
			attributes = {
				BuildIndependentTargetsInParallel = 1;
				LastSwiftUpdateCheck = 1310;
				LastUpgradeCheck = 1310;
				TargetAttributes = {
					FD4D28902783409300B66129 = {
						CreatedOnToolsVersion = 13.1;
					};
				};
			};
			buildConfigurationList = FD4D288C2783409300B66129 /* Build configuration list for PBXProject "MVVM" */;
			compatibilityVersion = "Xcode 13.0";
			developmentRegion = en;
			hasScannedForEncodings = 0;
			knownRegions = (
				en,
				Base,
			);
			mainGroup = FD4D28882783409300B66129;
			productRefGroup = FD4D28922783409300B66129 /* Products */;
			projectDirPath = "";
			projectRoot = "";
			targets = (
				FD4D28902783409300B66129 /* MVVM */,
			);
		};
/* End PBXProject section */

/* Begin PBXResourcesBuildPhase section */
		FD4D288F2783409300B66129 /* Resources */ = {
			isa = PBXResourcesBuildPhase;
			buildActionMask = 2147483647;
			files = (
				FD4D28A12783409400B66129 /* LaunchScreen.storyboard in Resources */,
				FD4D289E2783409400B66129 /* Assets.xcassets in Resources */,
			);
			runOnlyForDeploymentPostprocessing = 0;
		};
/* End PBXResourcesBuildPhase section */

/* Begin PBXShellScriptBuildPhase section */
		A689C92DA165049334E0F937 /* [CP] Embed Pods Frameworks */ = {
			isa = PBXShellScriptBuildPhase;
			buildActionMask = 2147483647;
			files = (
			);
			inputFileListPaths = (
				"${PODS_ROOT}/Target Support Files/Pods-MVVM/Pods-MVVM-frameworks-${CONFIGURATION}-input-files.xcfilelist",
			);
			name = "[CP] Embed Pods Frameworks";
			outputFileListPaths = (
				"${PODS_ROOT}/Target Support Files/Pods-MVVM/Pods-MVVM-frameworks-${CONFIGURATION}-output-files.xcfilelist",
			);
			runOnlyForDeploymentPostprocessing = 0;
			shellPath = /bin/sh;
			shellScript = "\"${PODS_ROOT}/Target Support Files/Pods-MVVM/Pods-MVVM-frameworks.sh\"\n";
			showEnvVarsInLog = 0;
		};
		D4F541BB7B196B5F9A50FC05 /* [CP] Check Pods Manifest.lock */ = {
			isa = PBXShellScriptBuildPhase;
			buildActionMask = 2147483647;
			files = (
			);
			inputFileListPaths = (
			);
			inputPaths = (
				"${PODS_PODFILE_DIR_PATH}/Podfile.lock",
				"${PODS_ROOT}/Manifest.lock",
			);
			name = "[CP] Check Pods Manifest.lock";
			outputFileListPaths = (
			);
			outputPaths = (
				"$(DERIVED_FILE_DIR)/Pods-MVVM-checkManifestLockResult.txt",
			);
			runOnlyForDeploymentPostprocessing = 0;
			shellPath = /bin/sh;
			shellScript = "diff \"${PODS_PODFILE_DIR_PATH}/Podfile.lock\" \"${PODS_ROOT}/Manifest.lock\" > /dev/null\nif [ $? != 0 ] ; then\n    # print error to STDERR\n    echo \"error: The sandbox is not in sync with the Podfile.lock. Run 'pod install' or update your CocoaPods installation.\" >&2\n    exit 1\nfi\n# This output is used by Xcode 'outputs' to avoid re-running this script phase.\necho \"SUCCESS\" > \"${SCRIPT_OUTPUT_FILE_0}\"\n";
			showEnvVarsInLog = 0;
		};
/* End PBXShellScriptBuildPhase section */

/* Begin PBXSourcesBuildPhase section */
		FD4D288D2783409300B66129 /* Sources */ = {
			isa = PBXSourcesBuildPhase;
			buildActionMask = 2147483647;
			files = (
				FD25A0F2278484A800295DDC /* TodoAddViewController.swift in Sources */,
				FD25A0E127847A3900295DDC /* TodoViewController.swift in Sources */,
				FD25A0DF27847A2D00295DDC /* TodoViewModel.swift in Sources */,
				FD4D28952783409300B66129 /* AppDelegate.swift in Sources */,
				FD25A0F027847AAF00295DDC /* NetworkClient.swift in Sources */,
				FD25A0EB27847A8C00295DDC /* LoremSwiftum.swift in Sources */,
				FD25A0F4278484B200295DDC /* TodoDeleteViewController.swift in Sources */,
				FD25A0E927847A8C00295DDC /* Observable.swift in Sources */,
				FD5397E12789004900BEEDC1 /* TableViewAdvancedViewController.swift in Sources */,
				FD25A0E827847A8C00295DDC /* Extension.swift in Sources */,
				FD4D28972783409300B66129 /* SceneDelegate.swift in Sources */,
				FD25A0F62784856900295DDC /* RootViewController.swift in Sources */,
				FD25A0EF27847AAF00295DDC /* ApiRouter.swift in Sources */,
				FDAF16F02789DA7200239E2A /* TableViewAdvancedTableViewCell.swift in Sources */,
				FD25A0E327847A4700295DDC /* Todo.swift in Sources */,
				FD25A0EA27847A8C00295DDC /* Constants.swift in Sources */,
			);
			runOnlyForDeploymentPostprocessing = 0;
		};
/* End PBXSourcesBuildPhase section */

/* Begin PBXVariantGroup section */
		FD4D289F2783409400B66129 /* LaunchScreen.storyboard */ = {
			isa = PBXVariantGroup;
			children = (
				FD4D28A02783409400B66129 /* Base */,
			);
			name = LaunchScreen.storyboard;
			sourceTree = "<group>";
		};
/* End PBXVariantGroup section */

/* Begin XCBuildConfiguration section */
		FD4D28A32783409400B66129 /* Debug */ = {
			isa = XCBuildConfiguration;
			buildSettings = {
				ALWAYS_SEARCH_USER_PATHS = NO;
				CLANG_ANALYZER_NONNULL = YES;
				CLANG_ANALYZER_NUMBER_OBJECT_CONVERSION = YES_AGGRESSIVE;
				CLANG_CXX_LANGUAGE_STANDARD = "gnu++17";
				CLANG_CXX_LIBRARY = "libc++";
				CLANG_ENABLE_MODULES = YES;
				CLANG_ENABLE_OBJC_ARC = YES;
				CLANG_ENABLE_OBJC_WEAK = YES;
				CLANG_WARN_BLOCK_CAPTURE_AUTORELEASING = YES;
				CLANG_WARN_BOOL_CONVERSION = YES;
				CLANG_WARN_COMMA = YES;
				CLANG_WARN_CONSTANT_CONVERSION = YES;
				CLANG_WARN_DEPRECATED_OBJC_IMPLEMENTATIONS = YES;
				CLANG_WARN_DIRECT_OBJC_ISA_USAGE = YES_ERROR;
				CLANG_WARN_DOCUMENTATION_COMMENTS = YES;
				CLANG_WARN_EMPTY_BODY = YES;
				CLANG_WARN_ENUM_CONVERSION = YES;
				CLANG_WARN_INFINITE_RECURSION = YES;
				CLANG_WARN_INT_CONVERSION = YES;
				CLANG_WARN_NON_LITERAL_NULL_CONVERSION = YES;
				CLANG_WARN_OBJC_IMPLICIT_RETAIN_SELF = YES;
				CLANG_WARN_OBJC_LITERAL_CONVERSION = YES;
				CLANG_WARN_OBJC_ROOT_CLASS = YES_ERROR;
				CLANG_WARN_QUOTED_INCLUDE_IN_FRAMEWORK_HEADER = YES;
				CLANG_WARN_RANGE_LOOP_ANALYSIS = YES;
				CLANG_WARN_STRICT_PROTOTYPES = YES;
				CLANG_WARN_SUSPICIOUS_MOVE = YES;
				CLANG_WARN_UNGUARDED_AVAILABILITY = YES_AGGRESSIVE;
				CLANG_WARN_UNREACHABLE_CODE = YES;
				CLANG_WARN__DUPLICATE_METHOD_MATCH = YES;
				COPY_PHASE_STRIP = NO;
				DEBUG_INFORMATION_FORMAT = dwarf;
				ENABLE_STRICT_OBJC_MSGSEND = YES;
				ENABLE_TESTABILITY = YES;
				GCC_C_LANGUAGE_STANDARD = gnu11;
				GCC_DYNAMIC_NO_PIC = NO;
				GCC_NO_COMMON_BLOCKS = YES;
				GCC_OPTIMIZATION_LEVEL = 0;
				GCC_PREPROCESSOR_DEFINITIONS = (
					"DEBUG=1",
					"$(inherited)",
				);
				GCC_WARN_64_TO_32_BIT_CONVERSION = YES;
				GCC_WARN_ABOUT_RETURN_TYPE = YES_ERROR;
				GCC_WARN_UNDECLARED_SELECTOR = YES;
				GCC_WARN_UNINITIALIZED_AUTOS = YES_AGGRESSIVE;
				GCC_WARN_UNUSED_FUNCTION = YES;
				GCC_WARN_UNUSED_VARIABLE = YES;
				IPHONEOS_DEPLOYMENT_TARGET = 15.0;
				MTL_ENABLE_DEBUG_INFO = INCLUDE_SOURCE;
				MTL_FAST_MATH = YES;
				ONLY_ACTIVE_ARCH = YES;
				SDKROOT = iphoneos;
				SWIFT_ACTIVE_COMPILATION_CONDITIONS = DEBUG;
				SWIFT_OPTIMIZATION_LEVEL = "-Onone";
			};
			name = Debug;
		};
		FD4D28A42783409400B66129 /* Release */ = {
			isa = XCBuildConfiguration;
			buildSettings = {
				ALWAYS_SEARCH_USER_PATHS = NO;
				CLANG_ANALYZER_NONNULL = YES;
				CLANG_ANALYZER_NUMBER_OBJECT_CONVERSION = YES_AGGRESSIVE;
				CLANG_CXX_LANGUAGE_STANDARD = "gnu++17";
				CLANG_CXX_LIBRARY = "libc++";
				CLANG_ENABLE_MODULES = YES;
				CLANG_ENABLE_OBJC_ARC = YES;
				CLANG_ENABLE_OBJC_WEAK = YES;
				CLANG_WARN_BLOCK_CAPTURE_AUTORELEASING = YES;
				CLANG_WARN_BOOL_CONVERSION = YES;
				CLANG_WARN_COMMA = YES;
				CLANG_WARN_CONSTANT_CONVERSION = YES;
				CLANG_WARN_DEPRECATED_OBJC_IMPLEMENTATIONS = YES;
				CLANG_WARN_DIRECT_OBJC_ISA_USAGE = YES_ERROR;
				CLANG_WARN_DOCUMENTATION_COMMENTS = YES;
				CLANG_WARN_EMPTY_BODY = YES;
				CLANG_WARN_ENUM_CONVERSION = YES;
				CLANG_WARN_INFINITE_RECURSION = YES;
				CLANG_WARN_INT_CONVERSION = YES;
				CLANG_WARN_NON_LITERAL_NULL_CONVERSION = YES;
				CLANG_WARN_OBJC_IMPLICIT_RETAIN_SELF = YES;
				CLANG_WARN_OBJC_LITERAL_CONVERSION = YES;
				CLANG_WARN_OBJC_ROOT_CLASS = YES_ERROR;
				CLANG_WARN_QUOTED_INCLUDE_IN_FRAMEWORK_HEADER = YES;
				CLANG_WARN_RANGE_LOOP_ANALYSIS = YES;
				CLANG_WARN_STRICT_PROTOTYPES = YES;
				CLANG_WARN_SUSPICIOUS_MOVE = YES;
				CLANG_WARN_UNGUARDED_AVAILABILITY = YES_AGGRESSIVE;
				CLANG_WARN_UNREACHABLE_CODE = YES;
				CLANG_WARN__DUPLICATE_METHOD_MATCH = YES;
				COPY_PHASE_STRIP = NO;
				DEBUG_INFORMATION_FORMAT = "dwarf-with-dsym";
				ENABLE_NS_ASSERTIONS = NO;
				ENABLE_STRICT_OBJC_MSGSEND = YES;
				GCC_C_LANGUAGE_STANDARD = gnu11;
				GCC_NO_COMMON_BLOCKS = YES;
				GCC_WARN_64_TO_32_BIT_CONVERSION = YES;
				GCC_WARN_ABOUT_RETURN_TYPE = YES_ERROR;
				GCC_WARN_UNDECLARED_SELECTOR = YES;
				GCC_WARN_UNINITIALIZED_AUTOS = YES_AGGRESSIVE;
				GCC_WARN_UNUSED_FUNCTION = YES;
				GCC_WARN_UNUSED_VARIABLE = YES;
				IPHONEOS_DEPLOYMENT_TARGET = 15.0;
				MTL_ENABLE_DEBUG_INFO = NO;
				MTL_FAST_MATH = YES;
				SDKROOT = iphoneos;
				SWIFT_COMPILATION_MODE = wholemodule;
				SWIFT_OPTIMIZATION_LEVEL = "-O";
				VALIDATE_PRODUCT = YES;
			};
			name = Release;
		};
		FD4D28A62783409400B66129 /* Debug */ = {
			isa = XCBuildConfiguration;
			baseConfigurationReference = BE77E95D394EDB0438023805 /* Pods-MVVM.debug.xcconfig */;
			buildSettings = {
				ASSETCATALOG_COMPILER_APPICON_NAME = AppIcon;
				ASSETCATALOG_COMPILER_GLOBAL_ACCENT_COLOR_NAME = AccentColor;
				CODE_SIGN_STYLE = Automatic;
				CURRENT_PROJECT_VERSION = 1;
				DEVELOPMENT_TEAM = 2584UNKWXQ;
				GENERATE_INFOPLIST_FILE = YES;
				INFOPLIST_FILE = MVVM/Info.plist;
				INFOPLIST_KEY_UIApplicationSupportsIndirectInputEvents = YES;
				INFOPLIST_KEY_UILaunchStoryboardName = LaunchScreen;
				INFOPLIST_KEY_UISupportedInterfaceOrientations_iPad = "UIInterfaceOrientationPortrait UIInterfaceOrientationPortraitUpsideDown UIInterfaceOrientationLandscapeLeft UIInterfaceOrientationLandscapeRight";
				INFOPLIST_KEY_UISupportedInterfaceOrientations_iPhone = "UIInterfaceOrientationPortrait UIInterfaceOrientationLandscapeLeft UIInterfaceOrientationLandscapeRight";
				INFOPLIST_KEY_UIUserInterfaceStyle = Light;
				LD_RUNPATH_SEARCH_PATHS = (
					"$(inherited)",
					"@executable_path/Frameworks",
				);
				MARKETING_VERSION = 1.0;
				PRODUCT_BUNDLE_IDENTIFIER = com.serkanapp.mmmm;
				PRODUCT_NAME = "$(TARGET_NAME)";
				SWIFT_EMIT_LOC_STRINGS = YES;
				SWIFT_VERSION = 5.0;
				TARGETED_DEVICE_FAMILY = "1,2";
			};
			name = Debug;
		};
		FD4D28A72783409400B66129 /* Release */ = {
			isa = XCBuildConfiguration;
			baseConfigurationReference = FD85A681966DB17F0E3FB5D4 /* Pods-MVVM.release.xcconfig */;
			buildSettings = {
				ASSETCATALOG_COMPILER_APPICON_NAME = AppIcon;
				ASSETCATALOG_COMPILER_GLOBAL_ACCENT_COLOR_NAME = AccentColor;
				CODE_SIGN_STYLE = Automatic;
				CURRENT_PROJECT_VERSION = 1;
				DEVELOPMENT_TEAM = 2584UNKWXQ;
				GENERATE_INFOPLIST_FILE = YES;
				INFOPLIST_FILE = MVVM/Info.plist;
				INFOPLIST_KEY_UIApplicationSupportsIndirectInputEvents = YES;
				INFOPLIST_KEY_UILaunchStoryboardName = LaunchScreen;
				INFOPLIST_KEY_UISupportedInterfaceOrientations_iPad = "UIInterfaceOrientationPortrait UIInterfaceOrientationPortraitUpsideDown UIInterfaceOrientationLandscapeLeft UIInterfaceOrientationLandscapeRight";
				INFOPLIST_KEY_UISupportedInterfaceOrientations_iPhone = "UIInterfaceOrientationPortrait UIInterfaceOrientationLandscapeLeft UIInterfaceOrientationLandscapeRight";
				INFOPLIST_KEY_UIUserInterfaceStyle = Light;
				LD_RUNPATH_SEARCH_PATHS = (
					"$(inherited)",
					"@executable_path/Frameworks",
				);
				MARKETING_VERSION = 1.0;
				PRODUCT_BUNDLE_IDENTIFIER = com.serkanapp.mmmm;
				PRODUCT_NAME = "$(TARGET_NAME)";
				SWIFT_EMIT_LOC_STRINGS = YES;
				SWIFT_VERSION = 5.0;
				TARGETED_DEVICE_FAMILY = "1,2";
			};
			name = Release;
		};
/* End XCBuildConfiguration section */

/* Begin XCConfigurationList section */
		FD4D288C2783409300B66129 /* Build configuration list for PBXProject "MVVM" */ = {
			isa = XCConfigurationList;
			buildConfigurations = (
				FD4D28A32783409400B66129 /* Debug */,
				FD4D28A42783409400B66129 /* Release */,
			);
			defaultConfigurationIsVisible = 0;
			defaultConfigurationName = Release;
		};
		FD4D28A52783409400B66129 /* Build configuration list for PBXNativeTarget "MVVM" */ = {
			isa = XCConfigurationList;
			buildConfigurations = (
				FD4D28A62783409400B66129 /* Debug */,
				FD4D28A72783409400B66129 /* Release */,
			);
			defaultConfigurationIsVisible = 0;
			defaultConfigurationName = Release;
		};
/* End XCConfigurationList section */
	};
	rootObject = FD4D28892783409300B66129 /* Project object */;
}
